
Microsoft Visual Studio Solution File, Format Version 12.00
# Visual Studio 15
VisualStudioVersion = 15.0.27004.2005
MinimumVisualStudioVersion = 10.0.40219.1
Project("{FAE04EC0-301F-11D3-BF4B-00C04F79EFBC}") = "AppDrwer", "AppDrwer\AppDrwer.csproj", "{36BB89E9-B992-4574-8426-A6D153415A8A}"
EndProject
Global
	GlobalSection(SolutionConfigurationPlatforms) = preSolution
		Debug|Any CPU = Debug|Any CPU
		Release|Any CPU = Release|Any CPU
	EndGlobalSection
	GlobalSection(ProjectConfigurationPlatforms) = postSolution
		{36BB89E9-B992-4574-8426-A6D153415A8A}.Debug|Any CPU.ActiveCfg = Debug|Any CPU
		{36BB89E9-B992-4574-8426-A6D153415A8A}.Debug|Any CPU.Build.0 = Debug|Any CPU
		{36BB89E9-B992-4574-8426-A6D153415A8A}.Debug|Any CPU.Deploy.0 = Debug|Any CPU
		{36BB89E9-B992-4574-8426-A6D153415A8A}.Release|Any CPU.ActiveCfg = Release|Any CPU
		{36BB89E9-B992-4574-8426-A6D153415A8A}.Release|Any CPU.Build.0 = Release|Any CPU
		{36BB89E9-B992-4574-8426-A6D153415A8A}.Release|Any CPU.Deploy.0 = Release|Any CPU
	EndGlobalSection
	GlobalSection(SolutionProperties) = preSolution
		HideSolutionNode = FALSE
	EndGlobalSection
	GlobalSection(ExtensibilityGlobals) = postSolution
		SolutionGuid = {9EA6BD10-36C7-46D9-91A7-04BD90EF92E3}
	EndGlobalSection
EndGlobal
